// !$*UTF8*$!
{
	archiveVersion = 1;
	classes = {
	};
	objectVersion = 51;
	objects = {

/* Begin PBXBuildFile section */
		2AE22CA7A5073E804F54A585 /* Pods_todoey.framework in Frameworks */ = {isa = PBXBuildFile; fileRef = 03904788FFB4FBCFA1ED9459 /* Pods_todoey.framework */; };
		F2322D5722F4F20900FCC36C /* CategoryViewController.swift in Sources */ = {isa = PBXBuildFile; fileRef = F2322D5622F4F20900FCC36C /* CategoryViewController.swift */; };
		F288333322F09F9000AE59E0 /* AppDelegate.swift in Sources */ = {isa = PBXBuildFile; fileRef = F288333222F09F9000AE59E0 /* AppDelegate.swift */; };
		F288333522F09F9000AE59E0 /* TodoListViewController.swift in Sources */ = {isa = PBXBuildFile; fileRef = F288333422F09F9000AE59E0 /* TodoListViewController.swift */; };
		F288333822F09F9000AE59E0 /* Main.storyboard in Resources */ = {isa = PBXBuildFile; fileRef = F288333622F09F9000AE59E0 /* Main.storyboard */; };
		F288333A22F09F9100AE59E0 /* Assets.xcassets in Resources */ = {isa = PBXBuildFile; fileRef = F288333922F09F9100AE59E0 /* Assets.xcassets */; };
		F288333D22F09F9100AE59E0 /* LaunchScreen.storyboard in Resources */ = {isa = PBXBuildFile; fileRef = F288333B22F09F9100AE59E0 /* LaunchScreen.storyboard */; };
		F29B4F7E22F623BF0049ECFC /* Item.swift in Sources */ = {isa = PBXBuildFile; fileRef = F29B4F7D22F623BF0049ECFC /* Item.swift */; };
		F29B4F8022F623CA0049ECFC /* Category.swift in Sources */ = {isa = PBXBuildFile; fileRef = F29B4F7F22F623CA0049ECFC /* Category.swift */; };
		F2C0CC6622F6F944006BBE91 /* SwipeTableViewController.swift in Sources */ = {isa = PBXBuildFile; fileRef = F2C0CC6522F6F943006BBE91 /* SwipeTableViewController.swift */; };
/* End PBXBuildFile section */

/* Begin PBXFileReference section */
		03904788FFB4FBCFA1ED9459 /* Pods_todoey.framework */ = {isa = PBXFileReference; explicitFileType = wrapper.framework; includeInIndex = 0; path = Pods_todoey.framework; sourceTree = BUILT_PRODUCTS_DIR; };
		166C3EB6658BC3BD7A02007C /* Pods-todoey.release.xcconfig */ = {isa = PBXFileReference; includeInIndex = 1; lastKnownFileType = text.xcconfig; name = "Pods-todoey.release.xcconfig"; path = "Target Support Files/Pods-todoey/Pods-todoey.release.xcconfig"; sourceTree = "<group>"; };
		23423BB9636CE057515FF227 /* Pods-todoey.debug.xcconfig */ = {isa = PBXFileReference; includeInIndex = 1; lastKnownFileType = text.xcconfig; name = "Pods-todoey.debug.xcconfig"; path = "Target Support Files/Pods-todoey/Pods-todoey.debug.xcconfig"; sourceTree = "<group>"; };
		F2322D5622F4F20900FCC36C /* CategoryViewController.swift */ = {isa = PBXFileReference; lastKnownFileType = sourcecode.swift; path = CategoryViewController.swift; sourceTree = "<group>"; };
		F288332F22F09F9000AE59E0 /* todoey.app */ = {isa = PBXFileReference; explicitFileType = wrapper.application; includeInIndex = 0; path = todoey.app; sourceTree = BUILT_PRODUCTS_DIR; };
		F288333222F09F9000AE59E0 /* AppDelegate.swift */ = {isa = PBXFileReference; lastKnownFileType = sourcecode.swift; path = AppDelegate.swift; sourceTree = "<group>"; };
		F288333422F09F9000AE59E0 /* TodoListViewController.swift */ = {isa = PBXFileReference; lastKnownFileType = sourcecode.swift; path = TodoListViewController.swift; sourceTree = "<group>"; };
		F288333722F09F9000AE59E0 /* Base */ = {isa = PBXFileReference; lastKnownFileType = file.storyboard; name = Base; path = Base.lproj/Main.storyboard; sourceTree = "<group>"; };
		F288333922F09F9100AE59E0 /* Assets.xcassets */ = {isa = PBXFileReference; lastKnownFileType = folder.assetcatalog; path = Assets.xcassets; sourceTree = "<group>"; };
		F288333C22F09F9100AE59E0 /* Base */ = {isa = PBXFileReference; lastKnownFileType = file.storyboard; name = Base; path = Base.lproj/LaunchScreen.storyboard; sourceTree = "<group>"; };
		F288333E22F09F9100AE59E0 /* Info.plist */ = {isa = PBXFileReference; lastKnownFileType = text.plist.xml; path = Info.plist; sourceTree = "<group>"; };
		F29B4F7D22F623BF0049ECFC /* Item.swift */ = {isa = PBXFileReference; lastKnownFileType = sourcecode.swift; path = Item.swift; sourceTree = "<group>"; };
		F29B4F7F22F623CA0049ECFC /* Category.swift */ = {isa = PBXFileReference; lastKnownFileType = sourcecode.swift; path = Category.swift; sourceTree = "<group>"; };
		F2C0CC6522F6F943006BBE91 /* SwipeTableViewController.swift */ = {isa = PBXFileReference; lastKnownFileType = sourcecode.swift; path = SwipeTableViewController.swift; sourceTree = "<group>"; };
/* End PBXFileReference section */

/* Begin PBXFrameworksBuildPhase section */
		F288332C22F09F9000AE59E0 /* Frameworks */ = {
			isa = PBXFrameworksBuildPhase;
			buildActionMask = 2147483647;
			files = (
				2AE22CA7A5073E804F54A585 /* Pods_todoey.framework in Frameworks */,
			);
			runOnlyForDeploymentPostprocessing = 0;
		};
/* End PBXFrameworksBuildPhase section */

/* Begin PBXGroup section */
		B85F7CA06BC139DF804FFE97 /* Pods */ = {
			isa = PBXGroup;
			children = (
				23423BB9636CE057515FF227 /* Pods-todoey.debug.xcconfig */,
				166C3EB6658BC3BD7A02007C /* Pods-todoey.release.xcconfig */,
			);
			path = Pods;
			sourceTree = "<group>";
		};
		F288332622F09F9000AE59E0 = {
			isa = PBXGroup;
			children = (
				F288333122F09F9000AE59E0 /* todoey */,
				F288333022F09F9000AE59E0 /* Products */,
				B85F7CA06BC139DF804FFE97 /* Pods */,
				F2D7A2380876DBCBD25BDED2 /* Frameworks */,
			);
			sourceTree = "<group>";
		};
		F288333022F09F9000AE59E0 /* Products */ = {
			isa = PBXGroup;
			children = (
				F288332F22F09F9000AE59E0 /* todoey.app */,
			);
			name = Products;
			sourceTree = "<group>";
		};
		F288333122F09F9000AE59E0 /* todoey */ = {
			isa = PBXGroup;
			children = (
				F288333222F09F9000AE59E0 /* AppDelegate.swift */,
				F29EBDB422F236EA00DD0E05 /* controllers */,
				F29EBDB322F236CC00DD0E05 /* data model */,
				F29EBDB522F236FA00DD0E05 /* view */,
				F29EBDB622F2370300DD0E05 /* Supporting files */,
				F288333E22F09F9100AE59E0 /* Info.plist */,
			);
			path = todoey;
			sourceTree = "<group>";
		};
		F29EBDB322F236CC00DD0E05 /* data model */ = {
			isa = PBXGroup;
			children = (
				F29B4F7F22F623CA0049ECFC /* Category.swift */,
				F29B4F7D22F623BF0049ECFC /* Item.swift */,
			);
			path = "data model";
			sourceTree = "<group>";
		};
		F29EBDB422F236EA00DD0E05 /* controllers */ = {
			isa = PBXGroup;
			children = (
				F2322D5622F4F20900FCC36C /* CategoryViewController.swift */,
				F288333422F09F9000AE59E0 /* TodoListViewController.swift */,
				F2C0CC6522F6F943006BBE91 /* SwipeTableViewController.swift */,
			);
			path = controllers;
			sourceTree = "<group>";
		};
		F29EBDB522F236FA00DD0E05 /* view */ = {
			isa = PBXGroup;
			children = (
				F288333622F09F9000AE59E0 /* Main.storyboard */,
			);
			path = view;
			sourceTree = "<group>";
		};
		F29EBDB622F2370300DD0E05 /* Supporting files */ = {
			isa = PBXGroup;
			children = (
				F288333922F09F9100AE59E0 /* Assets.xcassets */,
				F288333B22F09F9100AE59E0 /* LaunchScreen.storyboard */,
			);
			path = "Supporting files";
			sourceTree = "<group>";
		};
		F2D7A2380876DBCBD25BDED2 /* Frameworks */ = {
			isa = PBXGroup;
			children = (
				03904788FFB4FBCFA1ED9459 /* Pods_todoey.framework */,
			);
			name = Frameworks;
			sourceTree = "<group>";
		};
/* End PBXGroup section */

/* Begin PBXNativeTarget section */
		F288332E22F09F9000AE59E0 /* todoey */ = {
			isa = PBXNativeTarget;
			buildConfigurationList = F288334122F09F9100AE59E0 /* Build configuration list for PBXNativeTarget "todoey" */;
			buildPhases = (
				494C4D210FB6E586191B83D1 /* [CP] Check Pods Manifest.lock */,
				F288332B22F09F9000AE59E0 /* Sources */,
				F288332C22F09F9000AE59E0 /* Frameworks */,
				F288332D22F09F9000AE59E0 /* Resources */,
				783D3925DC76B5F26C06F538 /* [CP] Embed Pods Frameworks */,
			);
			buildRules = (
			);
			dependencies = (
			);
			name = todoey;
			productName = todoey;
			productReference = F288332F22F09F9000AE59E0 /* todoey.app */;
			productType = "com.apple.product-type.application";
		};
/* End PBXNativeTarget section */

/* Begin PBXProject section */
		F288332722F09F9000AE59E0 /* Project object */ = {
			isa = PBXProject;
			attributes = {
				LastSwiftUpdateCheck = 1020;
				LastUpgradeCheck = 1020;
				ORGANIZATIONNAME = "arjun adappa";
				TargetAttributes = {
					F288332E22F09F9000AE59E0 = {
						CreatedOnToolsVersion = 10.2.1;
					};
				};
			};
			buildConfigurationList = F288332A22F09F9000AE59E0 /* Build configuration list for PBXProject "todoey" */;
			compatibilityVersion = "Xcode 9.3";
			developmentRegion = en;
			hasScannedForEncodings = 0;
			knownRegions = (
				en,
				Base,
			);
			mainGroup = F288332622F09F9000AE59E0;
			productRefGroup = F288333022F09F9000AE59E0 /* Products */;
			projectDirPath = "";
			projectRoot = "";
			targets = (
				F288332E22F09F9000AE59E0 /* todoey */,
			);
		};
/* End PBXProject section */

/* Begin PBXResourcesBuildPhase section */
		F288332D22F09F9000AE59E0 /* Resources */ = {
			isa = PBXResourcesBuildPhase;
			buildActionMask = 2147483647;
			files = (
				F288333D22F09F9100AE59E0 /* LaunchScreen.storyboard in Resources */,
				F288333A22F09F9100AE59E0 /* Assets.xcassets in Resources */,
				F288333822F09F9000AE59E0 /* Main.storyboard in Resources */,
			);
			runOnlyForDeploymentPostprocessing = 0;
		};
/* End PBXResourcesBuildPhase section */

/* Begin PBXShellScriptBuildPhase section */
		494C4D210FB6E586191B83D1 /* [CP] Check Pods Manifest.lock */ = {
			isa = PBXShellScriptBuildPhase;
			buildActionMask = 2147483647;
			files = (
			);
			inputFileListPaths = (
			);
			inputPaths = (
				"${PODS_PODFILE_DIR_PATH}/Podfile.lock",
				"${PODS_ROOT}/Manifest.lock",
			);
			name = "[CP] Check Pods Manifest.lock";
			outputFileListPaths = (
			);
			outputPaths = (
				"$(DERIVED_FILE_DIR)/Pods-todoey-checkManifestLockResult.txt",
			);
			runOnlyForDeploymentPostprocessing = 0;
			shellPath = /bin/sh;
			shellScript = "diff \"${PODS_PODFILE_DIR_PATH}/Podfile.lock\" \"${PODS_ROOT}/Manifest.lock\" > /dev/null\nif [ $? != 0 ] ; then\n    # print error to STDERR\n    echo \"error: The sandbox is not in sync with the Podfile.lock. Run 'pod install' or update your CocoaPods installation.\" >&2\n    exit 1\nfi\n# This output is used by Xcode 'outputs' to avoid re-running this script phase.\necho \"SUCCESS\" > \"${SCRIPT_OUTPUT_FILE_0}\"\n";
			showEnvVarsInLog = 0;
		};
		783D3925DC76B5F26C06F538 /* [CP] Embed Pods Frameworks */ = {
			isa = PBXShellScriptBuildPhase;
			buildActionMask = 2147483647;
			files = (
			);
			inputFileListPaths = (
				"${PODS_ROOT}/Target Support Files/Pods-todoey/Pods-todoey-frameworks-${CONFIGURATION}-input-files.xcfilelist",
			);
			name = "[CP] Embed Pods Frameworks";
			outputFileListPaths = (
				"${PODS_ROOT}/Target Support Files/Pods-todoey/Pods-todoey-frameworks-${CONFIGURATION}-output-files.xcfilelist",
			);
			runOnlyForDeploymentPostprocessing = 0;
			shellPath = /bin/sh;
			shellScript = "\"${PODS_ROOT}/Target Support Files/Pods-todoey/Pods-todoey-frameworks.sh\"\n";
			showEnvVarsInLog = 0;
		};
/* End PBXShellScriptBuildPhase section */

/* Begin PBXSourcesBuildPhase section */
		F288332B22F09F9000AE59E0 /* Sources */ = {
			isa = PBXSourcesBuildPhase;
			buildActionMask = 2147483647;
			files = (
				F29B4F7E22F623BF0049ECFC /* Item.swift in Sources */,
				F2322D5722F4F20900FCC36C /* CategoryViewController.swift in Sources */,
				F288333522F09F9000AE59E0 /* TodoListViewController.swift in Sources */,
				F288333322F09F9000AE59E0 /* AppDelegate.swift in Sources */,
				F2C0CC6622F6F944006BBE91 /* SwipeTableViewController.swift in Sources */,
				F29B4F8022F623CA0049ECFC /* Category.swift in Sources */,
			);
			runOnlyForDeploymentPostprocessing = 0;
		};
/* End PBXSourcesBuildPhase section */

/* Begin PBXVariantGroup section */
		F288333622F09F9000AE59E0 /* Main.storyboard */ = {
			isa = PBXVariantGroup;
			children = (
				F288333722F09F9000AE59E0 /* Base */,
			);
			name = Main.storyboard;
			sourceTree = "<group>";
		};
		F288333B22F09F9100AE59E0 /* LaunchScreen.storyboard */ = {
			isa = PBXVariantGroup;
			children = (
				F288333C22F09F9100AE59E0 /* Base */,
			);
			name = LaunchScreen.storyboard;
			sourceTree = "<group>";
		};
/* End PBXVariantGroup section */

/* Begin XCBuildConfiguration section */
		F288333F22F09F9100AE59E0 /* Debug */ = {
			isa = XCBuildConfiguration;
			buildSettings = {
				ALWAYS_SEARCH_USER_PATHS = NO;
				CLANG_ANALYZER_NONNULL = YES;
				CLANG_ANALYZER_NUMBER_OBJECT_CONVERSION = YES_AGGRESSIVE;
				CLANG_CXX_LANGUAGE_STANDARD = "gnu++14";
				CLANG_CXX_LIBRARY = "libc++";
				CLANG_ENABLE_MODULES = YES;
				CLANG_ENABLE_OBJC_ARC = YES;
				CLANG_ENABLE_OBJC_WEAK = YES;
				CLANG_WARN_BLOCK_CAPTURE_AUTORELEASING = YES;
				CLANG_WARN_BOOL_CONVERSION = YES;
				CLANG_WARN_COMMA = YES;
				CLANG_WARN_CONSTANT_CONVERSION = YES;
				CLANG_WARN_DEPRECATED_OBJC_IMPLEMENTATIONS = YES;
				CLANG_WARN_DIRECT_OBJC_ISA_USAGE = YES_ERROR;
				CLANG_WARN_DOCUMENTATION_COMMENTS = YES;
				CLANG_WARN_EMPTY_BODY = YES;
				CLANG_WARN_ENUM_CONVERSION = YES;
				CLANG_WARN_INFINITE_RECURSION = YES;
				CLANG_WARN_INT_CONVERSION = YES;
				CLANG_WARN_NON_LITERAL_NULL_CONVERSION = YES;
				CLANG_WARN_OBJC_IMPLICIT_RETAIN_SELF = YES;
				CLANG_WARN_OBJC_LITERAL_CONVERSION = YES;
				CLANG_WARN_OBJC_ROOT_CLASS = YES_ERROR;
				CLANG_WARN_RANGE_LOOP_ANALYSIS = YES;
				CLANG_WARN_STRICT_PROTOTYPES = YES;
				CLANG_WARN_SUSPICIOUS_MOVE = YES;
				CLANG_WARN_UNGUARDED_AVAILABILITY = YES_AGGRESSIVE;
				CLANG_WARN_UNREACHABLE_CODE = YES;
				CLANG_WARN__DUPLICATE_METHOD_MATCH = YES;
				CODE_SIGN_IDENTITY = "iPhone Developer";
				COPY_PHASE_STRIP = NO;
				DEBUG_INFORMATION_FORMAT = dwarf;
				ENABLE_STRICT_OBJC_MSGSEND = YES;
				ENABLE_TESTABILITY = YES;
				GCC_C_LANGUAGE_STANDARD = gnu11;
				GCC_DYNAMIC_NO_PIC = NO;
				GCC_NO_COMMON_BLOCKS = YES;
				GCC_OPTIMIZATION_LEVEL = 0;
				GCC_PREPROCESSOR_DEFINITIONS = (
					"DEBUG=1",
					"$(inherited)",
				);
				GCC_WARN_64_TO_32_BIT_CONVERSION = YES;
				GCC_WARN_ABOUT_RETURN_TYPE = YES_ERROR;
				GCC_WARN_UNDECLARED_SELECTOR = YES;
				GCC_WARN_UNINITIALIZED_AUTOS = YES_AGGRESSIVE;
				GCC_WARN_UNUSED_FUNCTION = YES;
				GCC_WARN_UNUSED_VARIABLE = YES;
				IPHONEOS_DEPLOYMENT_TARGET = 12.2;
				MTL_ENABLE_DEBUG_INFO = INCLUDE_SOURCE;
				MTL_FAST_MATH = YES;
				ONLY_ACTIVE_ARCH = YES;
				SDKROOT = iphoneos;
				SWIFT_ACTIVE_COMPILATION_CONDITIONS = DEBUG;
				SWIFT_OPTIMIZATION_LEVEL = "-Onone";
			};
			name = Debug;
		};
		F288334022F09F9100AE59E0 /* Release */ = {
			isa = XCBuildConfiguration;
			buildSettings = {
				ALWAYS_SEARCH_USER_PATHS = NO;
				CLANG_ANALYZER_NONNULL = YES;
				CLANG_ANALYZER_NUMBER_OBJECT_CONVERSION = YES_AGGRESSIVE;
				CLANG_CXX_LANGUAGE_STANDARD = "gnu++14";
				CLANG_CXX_LIBRARY = "libc++";
				CLANG_ENABLE_MODULES = YES;
				CLANG_ENABLE_OBJC_ARC = YES;
				CLANG_ENABLE_OBJC_WEAK = YES;
				CLANG_WARN_BLOCK_CAPTURE_AUTORELEASING = YES;
				CLANG_WARN_BOOL_CONVERSION = YES;
				CLANG_WARN_COMMA = YES;
				CLANG_WARN_CONSTANT_CONVERSION = YES;
				CLANG_WARN_DEPRECATED_OBJC_IMPLEMENTATIONS = YES;
				CLANG_WARN_DIRECT_OBJC_ISA_USAGE = YES_ERROR;
				CLANG_WARN_DOCUMENTATION_COMMENTS = YES;
				CLANG_WARN_EMPTY_BODY = YES;
				CLANG_WARN_ENUM_CONVERSION = YES;
				CLANG_WARN_INFINITE_RECURSION = YES;
				CLANG_WARN_INT_CONVERSION = YES;
				CLANG_WARN_NON_LITERAL_NULL_CONVERSION = YES;
				CLANG_WARN_OBJC_IMPLICIT_RETAIN_SELF = YES;
				CLANG_WARN_OBJC_LITERAL_CONVERSION = YES;
				CLANG_WARN_OBJC_ROOT_CLASS = YES_ERROR;
				CLANG_WARN_RANGE_LOOP_ANALYSIS = YES;
				CLANG_WARN_STRICT_PROTOTYPES = YES;
				CLANG_WARN_SUSPICIOUS_MOVE = YES;
				CLANG_WARN_UNGUARDED_AVAILABILITY = YES_AGGRESSIVE;
				CLANG_WARN_UNREACHABLE_CODE = YES;
				CLANG_WARN__DUPLICATE_METHOD_MATCH = YES;
				CODE_SIGN_IDENTITY = "iPhone Developer";
				COPY_PHASE_STRIP = NO;
				DEBUG_INFORMATION_FORMAT = "dwarf-with-dsym";
				ENABLE_NS_ASSERTIONS = NO;
				ENABLE_STRICT_OBJC_MSGSEND = YES;
				GCC_C_LANGUAGE_STANDARD = gnu11;
				GCC_NO_COMMON_BLOCKS = YES;
				GCC_WARN_64_TO_32_BIT_CONVERSION = YES;
				GCC_WARN_ABOUT_RETURN_TYPE = YES_ERROR;
				GCC_WARN_UNDECLARED_SELECTOR = YES;
				GCC_WARN_UNINITIALIZED_AUTOS = YES_AGGRESSIVE;
				GCC_WARN_UNUSED_FUNCTION = YES;
				GCC_WARN_UNUSED_VARIABLE = YES;
				IPHONEOS_DEPLOYMENT_TARGET = 12.2;
				MTL_ENABLE_DEBUG_INFO = NO;
				MTL_FAST_MATH = YES;
				SDKROOT = iphoneos;
				SWIFT_COMPILATION_MODE = wholemodule;
				SWIFT_OPTIMIZATION_LEVEL = "-O";
				VALIDATE_PRODUCT = YES;
			};
			name = Release;
		};
		F288334222F09F9100AE59E0 /* Debug */ = {
			isa = XCBuildConfiguration;
			baseConfigurationReference = 23423BB9636CE057515FF227 /* Pods-todoey.debug.xcconfig */;
			buildSettings = {
				ASSETCATALOG_COMPILER_APPICON_NAME = AppIcon;
				CODE_SIGN_STYLE = Automatic;
				DEVELOPMENT_TEAM = 8DM336Y63Y;
				INFOPLIST_FILE = todoey/Info.plist;
				LD_RUNPATH_SEARCH_PATHS = (
					"$(inherited)",
					"@executable_path/Frameworks",
				);
				PRODUCT_BUNDLE_IDENTIFIER = com.arjunadappa.todoey;
				PRODUCT_NAME = "$(TARGET_NAME)";
				SWIFT_VERSION = 5.0;
				TARGETED_DEVICE_FAMILY = "1,2";
			};
			name = Debug;
		};
		F288334322F09F9100AE59E0 /* Release */ = {
			isa = XCBuildConfiguration;
			baseConfigurationReference = 166C3EB6658BC3BD7A02007C /* Pods-todoey.release.xcconfig */;
			buildSettings = {
				ASSETCATALOG_COMPILER_APPICON_NAME = AppIcon;
				CODE_SIGN_STYLE = Automatic;
				DEVELOPMENT_TEAM = 8DM336Y63Y;
				INFOPLIST_FILE = todoey/Info.plist;
				LD_RUNPATH_SEARCH_PATHS = (
					"$(inherited)",
					"@executable_path/Frameworks",
				);
				PRODUCT_BUNDLE_IDENTIFIER = com.arjunadappa.todoey;
				PRODUCT_NAME = "$(TARGET_NAME)";
				SWIFT_VERSION = 5.0;
				TARGETED_DEVICE_FAMILY = "1,2";
			};
			name = Release;
		};
/* End XCBuildConfiguration section */

/* Begin XCConfigurationList section */
		F288332A22F09F9000AE59E0 /* Build configuration list for PBXProject "todoey" */ = {
			isa = XCConfigurationList;
			buildConfigurations = (
				F288333F22F09F9100AE59E0 /* Debug */,
				F288334022F09F9100AE59E0 /* Release */,
			);
			defaultConfigurationIsVisible = 0;
			defaultConfigurationName = Release;
		};
		F288334122F09F9100AE59E0 /* Build configuration list for PBXNativeTarget "todoey" */ = {
			isa = XCConfigurationList;
			buildConfigurations = (
				F288334222F09F9100AE59E0 /* Debug */,
				F288334322F09F9100AE59E0 /* Release */,
			);
			defaultConfigurationIsVisible = 0;
			defaultConfigurationName = Release;
		};
/* End XCConfigurationList section */
	};
	rootObject = F288332722F09F9000AE59E0 /* Project object */;
}
